version = 1
revision = 3
requires-python = ">=3.13"

[[package]]
name = "colorama"
version = "0.4.6"
source = { registry = "https://pypi.org/simple" }
sdist = { url = "https://files.pythonhosted.org/packages/d8/53/6f443c9a4a8358a93a6792e2acffb9d9d5cb0a5cfd8802644b7b1c9a02e4/colorama-0.4.6.tar.gz", hash = "sha256:08695f5cb7ed6e0531a20572697297273c47b8cae5a63ffc6d6ed5c201be6e44", size = 27697, upload-time = "2022-10-25T02:36:22.414Z" }
wheels = [
    { url = "https://files.pythonhosted.org/packages/d1/d6/3965ed04c63042e047cb6a3e6ed1a63a35087b6a609aa3a15ed8ac56c221/colorama-0.4.6-py2.py3-none-any.whl", hash = "sha256:4f1d9991f5acc0ca119f9d443620b77f9d6b33703e51011c16baf57afb285fc6", size = 25335, upload-time = "2022-10-25T02:36:20.889Z" },
]

[[package]]
name = "iniconfig"
version = "2.3.0"
source = { registry = "https://pypi.org/simple" }
sdist = { url = "https://files.pythonhosted.org/packages/72/34/14ca021ce8e5dfedc35312d08ba8bf51fdd999c576889fc2c24cb97f4f10/iniconfig-2.3.0.tar.gz", hash = "sha256:c76315c77db068650d49c5b56314774a7804df16fee4402c1f19d6d15d8c4730", size = 20503, upload-time = "2025-10-18T21:55:43.219Z" }
wheels = [
    { url = "https://files.pythonhosted.org/packages/cb/b1/3846dd7f199d53cb17f49cba7e651e9ce294d8497c8c150530ed11865bb8/iniconfig-2.3.0-py3-none-any.whl", hash = "sha256:f631c04d2c48c52b84d0d0549c99ff3859c98df65b3101406327ecc7d53fbf12", size = 7484, upload-time = "2025-10-18T21:55:41.639Z" },
]

[[package]]
name = "jinja2"
version = "3.1.6"
source = { registry = "https://pypi.org/simple" }
dependencies = [
    { name = "markupsafe" },
]
sdist = { url = "https://files.pythonhosted.org/packages/df/bf/f7da0350254c0ed7c72f3e33cef02e048281fec7ecec5f032d4aac52226b/jinja2-3.1.6.tar.gz", hash = "sha256:0137fb05990d35f1275a587e9aee6d56da821fc83491a0fb838183be43f66d6d", size = 245115, upload-time = "2025-03-05T20:05:02.478Z" }
wheels = [
    { url = "https://files.pythonhosted.org/packages/62/a1/3d680cbfd5f4b8f15abc1d571870c5fc3e594bb582bc3b64ea099db13e56/jinja2-3.1.6-py3-none-any.whl", hash = "sha256:85ece4451f492d0c13c5dd7c13a64681a86afae63a5f347908daf103ce6d2f67", size = 134899, upload-time = "2025-03-05T20:05:00.369Z" },
]

[[package]]
name = "markupsafe"
version = "3.0.3"
source = { registry = "https://pypi.org/simple" }
sdist = { url = "https://files.pythonhosted.org/packages/7e/99/7690b6d4034fffd95959cbe0c02de8deb3098cc577c67bb6a24fe5d7caa7/markupsafe-3.0.3.tar.gz", hash = "sha256:722695808f4b6457b320fdc131280796bdceb04ab50fe1795cd540799ebe1698", size = 80313, upload-time = "2025-09-27T18:37:40.426Z" }
wheels = [
    { url = "https://files.pythonhosted.org/packages/38/2f/907b9c7bbba283e68f20259574b13d005c121a0fa4c175f9bed27c4597ff/markupsafe-3.0.3-cp313-cp313-macosx_10_13_x86_64.whl", hash = "sha256:e1cf1972137e83c5d4c136c43ced9ac51d0e124706ee1c8aa8532c1287fa8795", size = 11622, upload-time = "2025-09-27T18:36:41.777Z" },
    { url = "https://files.pythonhosted.org/packages/9c/d9/5f7756922cdd676869eca1c4e3c0cd0df60ed30199ffd775e319089cb3ed/markupsafe-3.0.3-cp313-cp313-macosx_11_0_arm64.whl", hash = "sha256:116bb52f642a37c115f517494ea5feb03889e04df47eeff5b130b1808ce7c219", size = 12029, upload-time = "2025-09-27T18:36:43.257Z" },
    { url = "https://files.pythonhosted.org/packages/00/07/575a68c754943058c78f30db02ee03a64b3c638586fba6a6dd56830b30a3/markupsafe-3.0.3-cp313-cp313-manylinux2014_aarch64.manylinux_2_17_aarch64.manylinux_2_28_aarch64.whl", hash = "sha256:133a43e73a802c5562be9bbcd03d090aa5a1fe899db609c29e8c8d815c5f6de6", size = 24374, upload-time = "2025-09-27T18:36:44.508Z" },
    { url = "https://files.pythonhosted.org/packages/a9/21/9b05698b46f218fc0e118e1f8168395c65c8a2c750ae2bab54fc4bd4e0e8/markupsafe-3.0.3-cp313-cp313-manylinux2014_x86_64.manylinux_2_17_x86_64.manylinux_2_28_x86_64.whl", hash = "sha256:ccfcd093f13f0f0b7fdd0f198b90053bf7b2f02a3927a30e63f3ccc9df56b676", size = 22980, upload-time = "2025-09-27T18:36:45.385Z" },
    { url = "https://files.pythonhosted.org/packages/7f/71/544260864f893f18b6827315b988c146b559391e6e7e8f7252839b1b846a/markupsafe-3.0.3-cp313-cp313-manylinux_2_31_riscv64.manylinux_2_39_riscv64.whl", hash = "sha256:509fa21c6deb7a7a273d629cf5ec029bc209d1a51178615ddf718f5918992ab9", size = 21990, upload-time = "2025-09-27T18:36:46.916Z" },
    { url = "https://files.pythonhosted.org/packages/c2/28/b50fc2f74d1ad761af2f5dcce7492648b983d00a65b8c0e0cb457c82ebbe/markupsafe-3.0.3-cp313-cp313-musllinux_1_2_aarch64.whl", hash = "sha256:a4afe79fb3de0b7097d81da19090f4df4f8d3a2b3adaa8764138aac2e44f3af1", size = 23784, upload-time = "2025-09-27T18:36:47.884Z" },
    { url = "https://files.pythonhosted.org/packages/ed/76/104b2aa106a208da8b17a2fb72e033a5a9d7073c68f7e508b94916ed47a9/markupsafe-3.0.3-cp313-cp313-musllinux_1_2_riscv64.whl", hash = "sha256:795e7751525cae078558e679d646ae45574b47ed6e7771863fcc079a6171a0fc", size = 21588, upload-time = "2025-09-27T18:36:48.82Z" },
    { url = "https://files.pythonhosted.org/packages/b5/99/16a5eb2d140087ebd97180d95249b00a03aa87e29cc224056274f2e45fd6/markupsafe-3.0.3-cp313-cp313-musllinux_1_2_x86_64.whl", hash = "sha256:8485f406a96febb5140bfeca44a73e3ce5116b2501ac54fe953e488fb1d03b12", size = 23041, upload-time = "2025-09-27T18:36:49.797Z" },
    { url = "https://files.pythonhosted.org/packages/19/bc/e7140ed90c5d61d77cea142eed9f9c303f4c4806f60a1044c13e3f1471d0/markupsafe-3.0.3-cp313-cp313-win32.whl", hash = "sha256:bdd37121970bfd8be76c5fb069c7751683bdf373db1ed6c010162b2a130248ed", size = 14543, upload-time = "2025-09-27T18:36:51.584Z" },
    { url = "https://files.pythonhosted.org/packages/05/73/c4abe620b841b6b791f2edc248f556900667a5a1cf023a6646967ae98335/markupsafe-3.0.3-cp313-cp313-win_amd64.whl", hash = "sha256:9a1abfdc021a164803f4d485104931fb8f8c1efd55bc6b748d2f5774e78b62c5", size = 15113, upload-time = "2025-09-27T18:36:52.537Z" },
    { url = "https://files.pythonhosted.org/packages/f0/3a/fa34a0f7cfef23cf9500d68cb7c32dd64ffd58a12b09225fb03dd37d5b80/markupsafe-3.0.3-cp313-cp313-win_arm64.whl", hash = "sha256:7e68f88e5b8799aa49c85cd116c932a1ac15caaa3f5db09087854d218359e485", size = 13911, upload-time = "2025-09-27T18:36:53.513Z" },
    { url = "https://files.pythonhosted.org/packages/e4/d7/e05cd7efe43a88a17a37b3ae96e79a19e846f3f456fe79c57ca61356ef01/markupsafe-3.0.3-cp313-cp313t-macosx_10_13_x86_64.whl", hash = "sha256:218551f6df4868a8d527e3062d0fb968682fe92054e89978594c28e642c43a73", size = 11658, upload-time = "2025-09-27T18:36:54.819Z" },
    { url = "https://files.pythonhosted.org/packages/99/9e/e412117548182ce2148bdeacdda3bb494260c0b0184360fe0d56389b523b/markupsafe-3.0.3-cp313-cp313t-macosx_11_0_arm64.whl", hash = "sha256:3524b778fe5cfb3452a09d31e7b5adefeea8c5be1d43c4f810ba09f2ceb29d37", size = 12066, upload-time = "2025-09-27T18:36:55.714Z" },
    { url = "https://files.pythonhosted.org/packages/bc/e6/fa0ffcda717ef64a5108eaa7b4f5ed28d56122c9a6d70ab8b72f9f715c80/markupsafe-3.0.3-cp313-cp313t-manylinux2014_aarch64.manylinux_2_17_aarch64.manylinux_2_28_aarch64.whl", hash = "sha256:4e885a3d1efa2eadc93c894a21770e4bc67899e3543680313b09f139e149ab19", size = 25639, upload-time = "2025-09-27T18:36:56.908Z" },
    { url = "https://files.pythonhosted.org/packages/96/ec/2102e881fe9d25fc16cb4b25d5f5cde50970967ffa5dddafdb771237062d/markupsafe-3.0.3-cp313-cp313t-manylinux2014_x86_64.manylinux_2_17_x86_64.manylinux_2_28_x86_64.whl", hash = "sha256:8709b08f4a89aa7586de0aadc8da56180242ee0ada3999749b183aa23df95025", size = 23569, upload-time = "2025-09-27T18:36:57.913Z" },
    { url = "https://files.pythonhosted.org/packages/4b/30/6f2fce1f1f205fc9323255b216ca8a235b15860c34b6798f810f05828e32/markupsafe-3.0.3-cp313-cp313t-manylinux_2_31_riscv64.manylinux_2_39_riscv64.whl", hash = "sha256:b8512a91625c9b3da6f127803b166b629725e68af71f8184ae7e7d54686a56d6", size = 23284, upload-time = "2025-09-27T18:36:58.833Z" },
    { url = "https://files.pythonhosted.org/packages/58/47/4a0ccea4ab9f5dcb6f79c0236d954acb382202721e704223a8aafa38b5c8/markupsafe-3.0.3-cp313-cp313t-musllinux_1_2_aarch64.whl", hash = "sha256:9b79b7a16f7fedff2495d684f2b59b0457c3b493778c9eed31111be64d58279f", size = 24801, upload-time = "2025-09-27T18:36:59.739Z" },
    { url = "https://files.pythonhosted.org/packages/6a/70/3780e9b72180b6fecb83a4814d84c3bf4b4ae4bf0b19c27196104149734c/markupsafe-3.0.3-cp313-cp313t-musllinux_1_2_riscv64.whl", hash = "sha256:12c63dfb4a98206f045aa9563db46507995f7ef6d83b2f68eda65c307c6829eb", size = 22769, upload-time = "2025-09-27T18:37:00.719Z" },
    { url = "https://files.pythonhosted.org/packages/98/c5/c03c7f4125180fc215220c035beac6b9cb684bc7a067c84fc69414d315f5/markupsafe-3.0.3-cp313-cp313t-musllinux_1_2_x86_64.whl", hash = "sha256:8f71bc33915be5186016f675cd83a1e08523649b0e33efdb898db577ef5bb009", size = 23642, upload-time = "2025-09-27T18:37:01.673Z" },
    { url = "https://files.pythonhosted.org/packages/80/d6/2d1b89f6ca4bff1036499b1e29a1d02d282259f3681540e16563f27ebc23/markupsafe-3.0.3-cp313-cp313t-win32.whl", hash = "sha256:69c0b73548bc525c8cb9a251cddf1931d1db4d2258e9599c28c07ef3580ef354", size = 14612, upload-time = "2025-09-27T18:37:02.639Z" },
    { url = "https://files.pythonhosted.org/packages/2b/98/e48a4bfba0a0ffcf9925fe2d69240bfaa19c6f7507b8cd09c70684a53c1e/markupsafe-3.0.3-cp313-cp313t-win_amd64.whl", hash = "sha256:1b4b79e8ebf6b55351f0d91fe80f893b4743f104bff22e90697db1590e47a218", size = 15200, upload-time = "2025-09-27T18:37:03.582Z" },
    { url = "https://files.pythonhosted.org/packages/0e/72/e3cc540f351f316e9ed0f092757459afbc595824ca724cbc5a5d4263713f/markupsafe-3.0.3-cp313-cp313t-win_arm64.whl", hash = "sha256:ad2cf8aa28b8c020ab2fc8287b0f823d0a7d8630784c31e9ee5edea20f406287", size = 13973, upload-time = "2025-09-27T18:37:04.929Z" },
    { url = "https://files.pythonhosted.org/packages/33/8a/8e42d4838cd89b7dde187011e97fe6c3af66d8c044997d2183fbd6d31352/markupsafe-3.0.3-cp314-cp314-macosx_10_13_x86_64.whl", hash = "sha256:eaa9599de571d72e2daf60164784109f19978b327a3910d3e9de8c97b5b70cfe", size = 11619, upload-time = "2025-09-27T18:37:06.342Z" },
    { url = "https://files.pythonhosted.org/packages/b5/64/7660f8a4a8e53c924d0fa05dc3a55c9cee10bbd82b11c5afb27d44b096ce/markupsafe-3.0.3-cp314-cp314-macosx_11_0_arm64.whl", hash = "sha256:c47a551199eb8eb2121d4f0f15ae0f923d31350ab9280078d1e5f12b249e0026", size = 12029, upload-time = "2025-09-27T18:37:07.213Z" },
    { url = "https://files.pythonhosted.org/packages/da/ef/e648bfd021127bef5fa12e1720ffed0c6cbb8310c8d9bea7266337ff06de/markupsafe-3.0.3-cp314-cp314-manylinux2014_aarch64.manylinux_2_17_aarch64.manylinux_2_28_aarch64.whl", hash = "sha256:f34c41761022dd093b4b6896d4810782ffbabe30f2d443ff5f083e0cbbb8c737", size = 24408, upload-time = "2025-09-27T18:37:09.572Z" },
    { url = "https://files.pythonhosted.org/packages/41/3c/a36c2450754618e62008bf7435ccb0f88053e07592e6028a34776213d877/markupsafe-3.0.3-cp314-cp314-manylinux2014_x86_64.manylinux_2_17_x86_64.manylinux_2_28_x86_64.whl", hash = "sha256:457a69a9577064c05a97c41f4e65148652db078a3a509039e64d3467b9e7ef97", size = 23005, upload-time = "2025-09-27T18:37:10.58Z" },
    { url = "https://files.pythonhosted.org/packages/bc/20/b7fdf89a8456b099837cd1dc21974632a02a999ec9bf7ca3e490aacd98e7/markupsafe-3.0.3-cp314-cp314-manylinux_2_31_riscv64.manylinux_2_39_riscv64.whl", hash = "sha256:e8afc3f2ccfa24215f8cb28dcf43f0113ac3c37c2f0f0806d8c70e4228c5cf4d", size = 22048, upload-time = "2025-09-27T18:37:11.547Z" },
    { url = "https://files.pythonhosted.org/packages/9a/a7/591f592afdc734f47db08a75793a55d7fbcc6902a723ae4cfbab61010cc5/markupsafe-3.0.3-cp314-cp314-musllinux_1_2_aarch64.whl", hash = "sha256:ec15a59cf5af7be74194f7ab02d0f59a62bdcf1a537677ce67a2537c9b87fcda", size = 23821, upload-time = "2025-09-27T18:37:12.48Z" },
    { url = "https://files.pythonhosted.org/packages/7d/33/45b24e4f44195b26521bc6f1a82197118f74df348556594bd2262bda1038/markupsafe-3.0.3-cp314-cp314-musllinux_1_2_riscv64.whl", hash = "sha256:0eb9ff8191e8498cca014656ae6b8d61f39da5f95b488805da4bb029cccbfbaf", size = 21606, upload-time = "2025-09-27T18:37:13.485Z" },
    { url = "https://files.pythonhosted.org/packages/ff/0e/53dfaca23a69fbfbbf17a4b64072090e70717344c52eaaaa9c5ddff1e5f0/markupsafe-3.0.3-cp314-cp314-musllinux_1_2_x86_64.whl", hash = "sha256:2713baf880df847f2bece4230d4d094280f4e67b1e813eec43b4c0e144a34ffe", size = 23043, upload-time = "2025-09-27T18:37:14.408Z" },
    { url = "https://files.pythonhosted.org/packages/46/11/f333a06fc16236d5238bfe74daccbca41459dcd8d1fa952e8fbd5dccfb70/markupsafe-3.0.3-cp314-cp314-win32.whl", hash = "sha256:729586769a26dbceff69f7a7dbbf59ab6572b99d94576a5592625d5b411576b9", size = 14747, upload-time = "2025-09-27T18:37:15.36Z" },
    { url = "https://files.pythonhosted.org/packages/28/52/182836104b33b444e400b14f797212f720cbc9ed6ba34c800639d154e821/markupsafe-3.0.3-cp314-cp314-win_amd64.whl", hash = "sha256:bdc919ead48f234740ad807933cdf545180bfbe9342c2bb451556db2ed958581", size = 15341, upload-time = "2025-09-27T18:37:16.496Z" },
    { url = "https://files.pythonhosted.org/packages/6f/18/acf23e91bd94fd7b3031558b1f013adfa21a8e407a3fdb32745538730382/markupsafe-3.0.3-cp314-cp314-win_arm64.whl", hash = "sha256:5a7d5dc5140555cf21a6fefbdbf8723f06fcd2f63ef108f2854de715e4422cb4", size = 14073, upload-time = "2025-09-27T18:37:17.476Z" },
    { url = "https://files.pythonhosted.org/packages/3c/f0/57689aa4076e1b43b15fdfa646b04653969d50cf30c32a102762be2485da/markupsafe-3.0.3-cp314-cp314t-macosx_10_13_x86_64.whl", hash = "sha256:1353ef0c1b138e1907ae78e2f6c63ff67501122006b0f9abad68fda5f4ffc6ab", size = 11661, upload-time = "2025-09-27T18:37:18.453Z" },
    { url = "https://files.pythonhosted.org/packages/89/c3/2e67a7ca217c6912985ec766c6393b636fb0c2344443ff9d91404dc4c79f/markupsafe-3.0.3-cp314-cp314t-macosx_11_0_arm64.whl", hash = "sha256:1085e7fbddd3be5f89cc898938f42c0b3c711fdcb37d75221de2666af647c175", size = 12069, upload-time = "2025-09-27T18:37:19.332Z" },
    { url = "https://files.pythonhosted.org/packages/f0/00/be561dce4e6ca66b15276e184ce4b8aec61fe83662cce2f7d72bd3249d28/markupsafe-3.0.3-cp314-cp314t-manylinux2014_aarch64.manylinux_2_17_aarch64.manylinux_2_28_aarch64.whl", hash = "sha256:1b52b4fb9df4eb9ae465f8d0c228a00624de2334f216f178a995ccdcf82c4634", size = 25670, upload-time = "2025-09-27T18:37:20.245Z" },
    { url = "https://files.pythonhosted.org/packages/50/09/c419f6f5a92e5fadde27efd190eca90f05e1261b10dbd8cbcb39cd8ea1dc/markupsafe-3.0.3-cp314-cp314t-manylinux2014_x86_64.manylinux_2_17_x86_64.manylinux_2_28_x86_64.whl", hash = "sha256:fed51ac40f757d41b7c48425901843666a6677e3e8eb0abcff09e4ba6e664f50", size = 23598, upload-time = "2025-09-27T18:37:21.177Z" },
    { url = "https://files.pythonhosted.org/packages/22/44/a0681611106e0b2921b3033fc19bc53323e0b50bc70cffdd19f7d679bb66/markupsafe-3.0.3-cp314-cp314t-manylinux_2_31_riscv64.manylinux_2_39_riscv64.whl", hash = "sha256:f190daf01f13c72eac4efd5c430a8de82489d9cff23c364c3ea822545032993e", size = 23261, upload-time = "2025-09-27T18:37:22.167Z" },
    { url = "https://files.pythonhosted.org/packages/5f/57/1b0b3f100259dc9fffe780cfb60d4be71375510e435efec3d116b6436d43/markupsafe-3.0.3-cp314-cp314t-musllinux_1_2_aarch64.whl", hash = "sha256:e56b7d45a839a697b5eb268c82a71bd8c7f6c94d6fd50c3d577fa39a9f1409f5", size = 24835, upload-time = "2025-09-27T18:37:23.296Z" },
    { url = "https://files.pythonhosted.org/packages/26/6a/4bf6d0c97c4920f1597cc14dd720705eca0bf7c787aebc6bb4d1bead5388/markupsafe-3.0.3-cp314-cp314t-musllinux_1_2_riscv64.whl", hash = "sha256:f3e98bb3798ead92273dc0e5fd0f31ade220f59a266ffd8a4f6065e0a3ce0523", size = 22733, upload-time = "2025-09-27T18:37:24.237Z" },
    { url = "https://files.pythonhosted.org/packages/14/c7/ca723101509b518797fedc2fdf79ba57f886b4aca8a7d31857ba3ee8281f/markupsafe-3.0.3-cp314-cp314t-musllinux_1_2_x86_64.whl", hash = "sha256:5678211cb9333a6468fb8d8be0305520aa073f50d17f089b5b4b477ea6e67fdc", size = 23672, upload-time = "2025-09-27T18:37:25.271Z" },
    { url = "https://files.pythonhosted.org/packages/fb/df/5bd7a48c256faecd1d36edc13133e51397e41b73bb77e1a69deab746ebac/markupsafe-3.0.3-cp314-cp314t-win32.whl", hash = "sha256:915c04ba3851909ce68ccc2b8e2cd691618c4dc4c4232fb7982bca3f41fd8c3d", size = 14819, upload-time = "2025-09-27T18:37:26.285Z" },
    { url = "https://files.pythonhosted.org/packages/1a/8a/0402ba61a2f16038b48b39bccca271134be00c5c9f0f623208399333c448/markupsafe-3.0.3-cp314-cp314t-win_amd64.whl", hash = "sha256:4faffd047e07c38848ce017e8725090413cd80cbc23d86e55c587bf979e579c9", size = 15426, upload-time = "2025-09-27T18:37:27.316Z" },
    { url = "https://files.pythonhosted.org/packages/70/bc/6f1c2f612465f5fa89b95bead1f44dcb607670fd42891d8fdcd5d039f4f4/markupsafe-3.0.3-cp314-cp314t-win_arm64.whl", hash = "sha256:32001d6a8fc98c8cb5c947787c5d08b0a50663d139f1305bac5885d98d9b40fa", size = 14146, upload-time = "2025-09-27T18:37:28.327Z" },
]

[[package]]
name = "mqt-templates"
version = "1.1.9"
source = { editable = "." }
dependencies = [
    { name = "jinja2" },
]

[package.dev-dependencies]
dev = [
    { name = "prek" },
    { name = "pytest" },
    { name = "ty" },
]
test = [
    { name = "prek" },
    { name = "pytest" },
]

[package.metadata]
requires-dist = [{ name = "jinja2", specifier = ">=3.1.6" }]

[package.metadata.requires-dev]
dev = [
    { name = "prek", specifier = ">=0.2.19" },
    { name = "pytest", specifier = ">=9.0.1" },
    { name = "ty", specifier = "==0.0.5" },
]
test = [
    { name = "prek", specifier = ">=0.2.19" },
    { name = "pytest", specifier = ">=9.0.1" },
]

[[package]]
name = "packaging"
version = "25.0"
source = { registry = "https://pypi.org/simple" }
sdist = { url = "https://files.pythonhosted.org/packages/a1/d4/1fc4078c65507b51b96ca8f8c3ba19e6a61c8253c72794544580a7b6c24d/packaging-25.0.tar.gz", hash = "sha256:d443872c98d677bf60f6a1f2f8c1cb748e8fe762d2bf9d3148b5599295b0fc4f", size = 165727, upload-time = "2025-04-19T11:48:59.673Z" }
wheels = [
    { url = "https://files.pythonhosted.org/packages/20/12/38679034af332785aac8774540895e234f4d07f7545804097de4b666afd8/packaging-25.0-py3-none-any.whl", hash = "sha256:29572ef2b1f17581046b3a2227d5c611fb25ec70ca1ba8554b24b0e69331a484", size = 66469, upload-time = "2025-04-19T11:48:57.875Z" },
]

[[package]]
name = "pluggy"
version = "1.6.0"
source = { registry = "https://pypi.org/simple" }
sdist = { url = "https://files.pythonhosted.org/packages/f9/e2/3e91f31a7d2b083fe6ef3fa267035b518369d9511ffab804f839851d2779/pluggy-1.6.0.tar.gz", hash = "sha256:7dcc130b76258d33b90f61b658791dede3486c3e6bfb003ee5c9bfb396dd22f3", size = 69412, upload-time = "2025-05-15T12:30:07.975Z" }
wheels = [
    { url = "https://files.pythonhosted.org/packages/54/20/4d324d65cc6d9205fabedc306948156824eb9f0ee1633355a8f7ec5c66bf/pluggy-1.6.0-py3-none-any.whl", hash = "sha256:e920276dd6813095e9377c0bc5566d94c932c33b27a3e3945d8389c374dd4746", size = 20538, upload-time = "2025-05-15T12:30:06.134Z" },
]

[[package]]
name = "prek"
version = "0.2.23"
source = { registry = "https://pypi.org/simple" }
sdist = { url = "https://files.pythonhosted.org/packages/08/d1/44dec5dde9bb37ff8a0fc917e2c6b7081c23cfc3a23ee7f76f8765f54f40/prek-0.2.23.tar.gz", hash = "sha256:11d761fae970592a9b715fff5c3e754dfce3f9e45ab4ef88333d5773ff0baffd", size = 272372, upload-time = "2025-12-20T05:34:25.167Z" }
wheels = [
    { url = "https://files.pythonhosted.org/packages/6d/2c/950a1defb9a4602879257be67c5ae9c01f79b906cf888c90d5eb14265cca/prek-0.2.23-py3-none-linux_armv6l.whl", hash = "sha256:06eb94ec37cbd58ac43b287132c3361d1bac4018c97b82e921bde86bed0e99a8", size = 4790800, upload-time = "2025-12-20T05:34:04.385Z" },
    { url = "https://files.pythonhosted.org/packages/f6/0f/e891bd13d498c95549b0475138c019eef7c5aa62c25270248bcf820a4de0/prek-0.2.23-py3-none-macosx_10_12_x86_64.whl", hash = "sha256:ad5d898b310973cfef4ad4dc2aeb52d2e6e6d294ba8c58830d27f6ce88f1573a", size = 4892201, upload-time = "2025-12-20T05:34:21.975Z" },
    { url = "https://files.pythonhosted.org/packages/5b/1e/d3354a681c959402880ec64e78707bea3e9f8804bd43567f4598cded4096/prek-0.2.23-py3-none-macosx_11_0_arm64.whl", hash = "sha256:0c999e9a1a22da786a77ece568f639c77179c27802b2d00c525e30208fd8eed1", size = 4615354, upload-time = "2025-12-20T05:34:09.277Z" },
    { url = "https://files.pythonhosted.org/packages/57/80/65d2c861d349bfebc350584329d83ea55e0f469957309e42eb528ae10d99/prek-0.2.23-py3-none-manylinux_2_17_aarch64.manylinux2014_aarch64.musllinux_1_1_aarch64.whl", hash = "sha256:f608831c35e03d6386c0f836c7b01a1838c8a3d7e2b05b71f8180e207275fe16", size = 4811701, upload-time = "2025-12-20T05:34:20.537Z" },
    { url = "https://files.pythonhosted.org/packages/59/fa/56841181aae31f87ddcb990b35fb9bb5023ca5d60e9b3fc66a83fb87adf3/prek-0.2.23-py3-none-manylinux_2_17_armv7l.manylinux2014_armv7l.whl", hash = "sha256:0bd7245de33e36bf3bf55730538babe1ec6605b6a365c40a3368105d093e1323", size = 4711092, upload-time = "2025-12-20T05:34:29.627Z" },
    { url = "https://files.pythonhosted.org/packages/73/1f/94ad9d526239635208103b6bd80c1fb20448aee37dad410a529d4f3ed5c9/prek-0.2.23-py3-none-manylinux_2_17_i686.manylinux2014_i686.whl", hash = "sha256:c543366e07e8623867a48deaae6739f83b5e8b155900aef66c20651cccbf4e1e", size = 5033203, upload-time = "2025-12-20T05:34:32.523Z" },
    { url = "https://files.pythonhosted.org/packages/b4/5f/0186a0e0bbb8127762e9260ceb273602621ad314ee378e5514d2031a9c45/prek-0.2.23-py3-none-manylinux_2_17_ppc64.manylinux2014_ppc64.whl", hash = "sha256:8166f39e46bdeb513f88a7be898e6ea161da86132667b9e19e9a123442cb7808", size = 5447537, upload-time = "2025-12-20T05:34:26.616Z" },
    { url = "https://files.pythonhosted.org/packages/f9/4a/a50b05ed71228ad17c6593e8d0c56031a1d4d8af54accbc731c2b93ee0c8/prek-0.2.23-py3-none-manylinux_2_17_ppc64le.manylinux2014_ppc64le.whl", hash = "sha256:b4610e0077e514d7a41fc2316546bfe6b393400e32be88afce2a585ac3df596a", size = 5401034, upload-time = "2025-12-20T05:34:07.862Z" },
    { url = "https://files.pythonhosted.org/packages/6e/51/3edace46ecfa71ac70e28c2d91601b10a2beb14138db4d7ef863abe5a081/prek-0.2.23-py3-none-manylinux_2_17_s390x.manylinux2014_s390x.whl", hash = "sha256:2cb60c57a976fd3a5297e163358b666f532942101ea0e9a931aa52daf287c316", size = 5492342, upload-time = "2025-12-20T05:34:12.023Z" },
    { url = "https://files.pythonhosted.org/packages/a6/22/935dabfc5a340a1044fa2de042849dbc8336fc373c07368b2ad2ab5f430e/prek-0.2.23-py3-none-manylinux_2_17_x86_64.manylinux2014_x86_64.whl", hash = "sha256:e91c5e02b37cd8af626476922be6a0c76aa302417f3f7d700c6dfa179b3629f7", size = 5085854, upload-time = "2025-12-20T05:34:28.004Z" },
    { url = "https://files.pythonhosted.org/packages/61/57/4bf48ad405aab3b9311fbb915d98dc5567f5354f2a2bb57a535eadb18584/prek-0.2.23-py3-none-manylinux_2_28_aarch64.whl", hash = "sha256:50eb85aadfea287a2c0e134cba9c1f5666e4975de85e64ddc953370f4357c0c1", size = 4820065, upload-time = "2025-12-20T05:34:06.114Z" },
    { url = "https://files.pythonhosted.org/packages/7b/a0/9cffc3506b63c95b81f9b0d232c631f45a8e18a3c006612fd4fb95e457c9/prek-0.2.23-py3-none-manylinux_2_31_riscv64.whl", hash = "sha256:4e9b02b27ce21a6732053fb8342b8e2a905625c2e8458b821678283d6a801792", size = 4832337, upload-time = "2025-12-20T05:34:15.751Z" },
    { url = "https://files.pythonhosted.org/packages/98/a4/35fe7282d72c3f8a2ecc3c337a6f3f4cb15c5301eca8f4a8c6b425f1f242/prek-0.2.23-py3-none-musllinux_1_1_armv7l.whl", hash = "sha256:453e9cc484e53727dadeaef1a9478af3ac05cc1f21666540b513bdefc940c0c6", size = 4696729, upload-time = "2025-12-20T05:34:33.836Z" },
    { url = "https://files.pythonhosted.org/packages/dd/76/6590ed0e92188bb2ac57ba8ce8fadc7b7ab3f4f77ae5b3f64b971ac54d9e/prek-0.2.23-py3-none-musllinux_1_1_i686.whl", hash = "sha256:5f8f1f74f0d50659b355543a97e6d842a91ebac2dc2d6e7b26335cd994f5b721", size = 4917071, upload-time = "2025-12-20T05:34:17.587Z" },
    { url = "https://files.pythonhosted.org/packages/e1/92/0233e1c907344d104650a14a0646da9c6bcf331bc3063a6cf5714319a965/prek-0.2.23-py3-none-musllinux_1_1_x86_64.whl", hash = "sha256:84172c469d660eaf7898246ac31596dd2133e98e3744c4cbb31ad805c971c316", size = 5192625, upload-time = "2025-12-20T05:34:30.948Z" },
    { url = "https://files.pythonhosted.org/packages/05/18/fac46e7282eee999bc61c386efea65557e91d2775be1df714659c5ab382c/prek-0.2.23-py3-none-win32.whl", hash = "sha256:94b5c1bff97f09c078ca284615c102757e87c2632ec1e502e29cd096ff947512", size = 4583335, upload-time = "2025-12-20T05:34:13.987Z" },
    { url = "https://files.pythonhosted.org/packages/2a/2a/6e6a5284c1b5c86303b7ec78d6318df45f39ea5a76e83e562d3f37317858/prek-0.2.23-py3-none-win_amd64.whl", hash = "sha256:b68fae39f3de59ae8c2ee81b8b2a05a516b420c1c5af7cb2b274a61e3092087b", size = 5273793, upload-time = "2025-12-20T05:34:19.252Z" },
    { url = "https://files.pythonhosted.org/packages/f6/83/931ad83084477aaa5da075a6f36b70dffca3cb1f7856cb491c3f85da5758/prek-0.2.23-py3-none-win_arm64.whl", hash = "sha256:afea8e93630fd84eb98680a699605bbc7ba81919389b89ad30f0877c9f276aeb", size = 4935492, upload-time = "2025-12-20T05:34:23.545Z" },
]

[[package]]
name = "pygments"
version = "2.19.2"
source = { registry = "https://pypi.org/simple" }
sdist = { url = "https://files.pythonhosted.org/packages/b0/77/a5b8c569bf593b0140bde72ea885a803b82086995367bf2037de0159d924/pygments-2.19.2.tar.gz", hash = "sha256:636cb2477cec7f8952536970bc533bc43743542f70392ae026374600add5b887", size = 4968631, upload-time = "2025-06-21T13:39:12.283Z" }
wheels = [
    { url = "https://files.pythonhosted.org/packages/c7/21/705964c7812476f378728bdf590ca4b771ec72385c533964653c68e86bdc/pygments-2.19.2-py3-none-any.whl", hash = "sha256:86540386c03d588bb81d44bc3928634ff26449851e99741617ecb9037ee5ec0b", size = 1225217, upload-time = "2025-06-21T13:39:07.939Z" },
]

[[package]]
name = "pytest"
version = "9.0.2"
source = { registry = "https://pypi.org/simple" }
dependencies = [
    { name = "colorama", marker = "sys_platform == 'win32'" },
    { name = "iniconfig" },
    { name = "packaging" },
    { name = "pluggy" },
    { name = "pygments" },
]
sdist = { url = "https://files.pythonhosted.org/packages/d1/db/7ef3487e0fb0049ddb5ce41d3a49c235bf9ad299b6a25d5780a89f19230f/pytest-9.0.2.tar.gz", hash = "sha256:75186651a92bd89611d1d9fc20f0b4345fd827c41ccd5c299a868a05d70edf11", size = 1568901, upload-time = "2025-12-06T21:30:51.014Z" }
wheels = [
    { url = "https://files.pythonhosted.org/packages/3b/ab/b3226f0bd7cdcf710fbede2b3548584366da3b19b5021e74f5bde2a8fa3f/pytest-9.0.2-py3-none-any.whl", hash = "sha256:711ffd45bf766d5264d487b917733b453d917afd2b0ad65223959f59089f875b", size = 374801, upload-time = "2025-12-06T21:30:49.154Z" },
]

[[package]]
name = "ty"
version = "0.0.5"
source = { registry = "https://pypi.org/simple" }
sdist = { url = "https://files.pythonhosted.org/packages/9e/db/6299d478000f4f1c6f9bf2af749359381610ffc4cbe6713b66e436ecf6e7/ty-0.0.5.tar.gz", hash = "sha256:983da6330773ff71e2b249810a19c689f9a0372f6e21bbf7cde37839d05b4346", size = 4806218, upload-time = "2025-12-20T21:19:17.24Z" }
wheels = [
    { url = "https://files.pythonhosted.org/packages/7c/98/c1f61ba378b4191e641bb36c07b7fcc70ff844d61be7a4bf2fea7472b4a9/ty-0.0.5-py3-none-linux_armv6l.whl", hash = "sha256:1594cd9bb68015eb2f5a3c68a040860f3c9306dc6667d7a0e5f4df9967b460e2", size = 9785554, upload-time = "2025-12-20T21:19:05.024Z" },
    { url = "https://files.pythonhosted.org/packages/ab/f9/b37b77c03396bd779c1397dae4279b7ad79315e005b3412feed8812a4256/ty-0.0.5-py3-none-macosx_10_12_x86_64.whl", hash = "sha256:7c0140ba980233d28699d9ddfe8f43d0b3535d6a3bbff9935df625a78332a3cf", size = 9603995, upload-time = "2025-12-20T21:19:15.256Z" },
    { url = "https://files.pythonhosted.org/packages/7d/70/4e75c11903b0e986c0203040472627cb61d6a709e1797fb08cdf9d565743/ty-0.0.5-py3-none-macosx_11_0_arm64.whl", hash = "sha256:15de414712cde92048ae4b1a77c4dc22920bd23653fe42acaf73028bad88f6b9", size = 9145815, upload-time = "2025-12-20T21:19:36.481Z" },
    { url = "https://files.pythonhosted.org/packages/89/05/93983dfcf871a41dfe58e5511d28e6aa332a1f826cc67333f77ae41a2f8a/ty-0.0.5-py3-none-manylinux_2_17_aarch64.manylinux2014_aarch64.whl", hash = "sha256:438aa51ad6c5fae64191f8d58876266e26f9250cf09f6624b6af47a22fa88618", size = 9619849, upload-time = "2025-12-20T21:19:19.084Z" },
    { url = "https://files.pythonhosted.org/packages/82/b6/896ab3aad59f846823f202e94be6016fb3f72434d999d2ae9bd0f28b3af9/ty-0.0.5-py3-none-manylinux_2_17_armv7l.manylinux2014_armv7l.whl", hash = "sha256:1b3d373fd96af1564380caf153600481c676f5002ee76ba8a7c3508cdff82ee0", size = 9606611, upload-time = "2025-12-20T21:19:24.583Z" },
    { url = "https://files.pythonhosted.org/packages/ca/ae/098e33fc92330285ed843e2750127e896140c4ebd2d73df7732ea496f588/ty-0.0.5-py3-none-manylinux_2_17_i686.manylinux2014_i686.whl", hash = "sha256:8453692503212ad316cf8b99efbe85a91e5f63769c43be5345e435a1b16cba5a", size = 10029523, upload-time = "2025-12-20T21:19:07.055Z" },
    { url = "https://files.pythonhosted.org/packages/04/5a/f4b4c33758b9295e9aca0de9645deca0f4addd21d38847228723a6e780fc/ty-0.0.5-py3-none-manylinux_2_17_ppc64.manylinux2014_ppc64.whl", hash = "sha256:2e4c454139473abbd529767b0df7a795ed828f780aef8d0d4b144558c0dc4446", size = 10870892, upload-time = "2025-12-20T21:19:34.495Z" },
    { url = "https://files.pythonhosted.org/packages/c3/c5/4e3e7e88389365aa1e631c99378711cf0c9d35a67478cb4720584314cf44/ty-0.0.5-py3-none-manylinux_2_17_ppc64le.manylinux2014_ppc64le.whl", hash = "sha256:426d4f3b82475b1ec75f3cc9ee5a667c8a4ae8441a09fcd8e823a53b706d00c7", size = 10599291, upload-time = "2025-12-20T21:19:26.557Z" },
    { url = "https://files.pythonhosted.org/packages/c1/5d/138f859ea87bd95e17b9818e386ae25a910e46521c41d516bf230ed83ffc/ty-0.0.5-py3-none-manylinux_2_17_s390x.manylinux2014_s390x.whl", hash = "sha256:5710817b67c6b2e4c0224e4f319b7decdff550886e9020f6d46aa1ce8f89a609", size = 10413515, upload-time = "2025-12-20T21:19:11.094Z" },
    { url = "https://files.pythonhosted.org/packages/27/21/1cbcd0d3b1182172f099e88218137943e0970603492fb10c7c9342369d9a/ty-0.0.5-py3-none-manylinux_2_17_x86_64.manylinux2014_x86_64.whl", hash = "sha256:e23c55ef08882c7c5ced1ccb90b4eeefa97f690aea254f58ac0987896c590f76", size = 10144992, upload-time = "2025-12-20T21:19:13.225Z" },
    { url = "https://files.pythonhosted.org/packages/ad/30/fdac06a5470c09ad2659a0806497b71f338b395d59e92611f71b623d05a0/ty-0.0.5-py3-none-musllinux_1_2_aarch64.whl", hash = "sha256:b9e4c1a28a23b14cf8f4f793f4da396939f16c30bfa7323477c8cc234e352ac4", size = 9606408, upload-time = "2025-12-20T21:19:09.212Z" },
    { url = "https://files.pythonhosted.org/packages/09/93/e99dcd7f53295192d03efd9cbcec089a916f49cad4935c0160ea9adbd53d/ty-0.0.5-py3-none-musllinux_1_2_armv7l.whl", hash = "sha256:4e9ebb61529b9745af662e37c37a01ad743cdd2c95f0d1421705672874d806cd", size = 9630040, upload-time = "2025-12-20T21:19:38.165Z" },
    { url = "https://files.pythonhosted.org/packages/d7/f8/6d1e87186e4c35eb64f28000c1df8fd5f73167ce126c5e3dd21fd1204a23/ty-0.0.5-py3-none-musllinux_1_2_i686.whl", hash = "sha256:5eb191a8e332f50f56dfe45391bdd7d43dd4ef6e60884710fd7ce84c5d8c1eb5", size = 9754016, upload-time = "2025-12-20T21:19:32.79Z" },
    { url = "https://files.pythonhosted.org/packages/28/e6/20f989342cb3115852dda404f1d89a10a3ce93f14f42b23f095a3d1a00c9/ty-0.0.5-py3-none-musllinux_1_2_x86_64.whl", hash = "sha256:92ed7451a1e82ee134a2c24ca43b74dd31e946dff2b08e5c34473e6b051de542", size = 10252877, upload-time = "2025-12-20T21:19:20.787Z" },
    { url = "https://files.pythonhosted.org/packages/57/9d/fc66fa557443233dfad9ae197ff3deb70ae0efcfb71d11b30ef62f5cdcc3/ty-0.0.5-py3-none-win32.whl", hash = "sha256:71f6707e4c1c010c158029a688a498220f28bb22fdb6707e5c20e09f11a5e4f2", size = 9212640, upload-time = "2025-12-20T21:19:30.817Z" },
    { url = "https://files.pythonhosted.org/packages/68/b6/05c35f6dea29122e54af0e9f8dfedd0a100c721affc8cc801ebe2bc2ed13/ty-0.0.5-py3-none-win_amd64.whl", hash = "sha256:2b8b754a0d7191e94acdf0c322747fec34371a4d0669f5b4e89549aef28814ae", size = 10034701, upload-time = "2025-12-20T21:19:28.311Z" },
    { url = "https://files.pythonhosted.org/packages/df/ca/4201ed5cb2af73912663d0c6ded927c28c28b3c921c9348aa8d2cfef4853/ty-0.0.5-py3-none-win_arm64.whl", hash = "sha256:83bea5a5296caac20d52b790ded2b830a7ff91c4ed9f36730fe1f393ceed6654", size = 9566474, upload-time = "2025-12-20T21:19:22.518Z" },
]
